
Microsoft Visual Studio Solution File, Format Version 12.00
# Visual Studio 15
VisualStudioVersion = 15.0.26730.12
MinimumVisualStudioVersion = 10.0.40219.1
Project("{FAE04EC0-301F-11D3-BF4B-00C04F79EFBC}") = "SwitchEnum", "SwitchEnum\SwitchEnum\SwitchEnum.csproj", "{3BA81FEE-C3C0-4D9D-B14A-9730D5ABCF92}"
EndProject
Project("{FAE04EC0-301F-11D3-BF4B-00C04F79EFBC}") = "SwitchEnum.Vsix", "SwitchEnum\SwitchEnum.Vsix\SwitchEnum.Vsix.csproj", "{03391CDC-D218-421D-B6A5-8F558C603A2E}"
EndProject
Global
	GlobalSection(SolutionConfigurationPlatforms) = preSolution
		Debug|Any CPU = Debug|Any CPU
		Release|Any CPU = Release|Any CPU
	EndGlobalSection
	GlobalSection(ProjectConfigurationPlatforms) = postSolution
		{3BA81FEE-C3C0-4D9D-B14A-9730D5ABCF92}.Debug|Any CPU.ActiveCfg = Debug|Any CPU
		{3BA81FEE-C3C0-4D9D-B14A-9730D5ABCF92}.Debug|Any CPU.Build.0 = Debug|Any CPU
		{3BA81FEE-C3C0-4D9D-B14A-9730D5ABCF92}.Release|Any CPU.ActiveCfg = Release|Any CPU
		{3BA81FEE-C3C0-4D9D-B14A-9730D5ABCF92}.Release|Any CPU.Build.0 = Release|Any CPU
		{03391CDC-D218-421D-B6A5-8F558C603A2E}.Debug|Any CPU.ActiveCfg = Debug|Any CPU
		{03391CDC-D218-421D-B6A5-8F558C603A2E}.Debug|Any CPU.Build.0 = Debug|Any CPU
		{03391CDC-D218-421D-B6A5-8F558C603A2E}.Release|Any CPU.ActiveCfg = Release|Any CPU
		{03391CDC-D218-421D-B6A5-8F558C603A2E}.Release|Any CPU.Build.0 = Release|Any CPU
	EndGlobalSection
	GlobalSection(SolutionProperties) = preSolution
		HideSolutionNode = FALSE
	EndGlobalSection
	GlobalSection(ExtensibilityGlobals) = postSolution
		SolutionGuid = {3B5FDECF-E1C2-4781-81B9-D72FA0090A25}
	EndGlobalSection
EndGlobal
